
Microsoft Visual Studio Solution File, Format Version 12.00
# Visual Studio Version 16
VisualStudioVersion = 16.0.31321.278
MinimumVisualStudioVersion = 10.0.40219.1
Project("{FAE04EC0-301F-11D3-BF4B-00C04F79EFBC}") = "AgendaTurnos", "AgendaTurnos\AgendaTurnos.csproj", "{CE249DFA-8341-419D-A888-D5C254A0DC9B}"
EndProject
Global
	GlobalSection(SolutionConfigurationPlatforms) = preSolution
		Debug|Any CPU = Debug|Any CPU
		Release|Any CPU = Release|Any CPU
	EndGlobalSection
	GlobalSection(ProjectConfigurationPlatforms) = postSolution
		{CE249DFA-8341-419D-A888-D5C254A0DC9B}.Debug|Any CPU.ActiveCfg = Debug|Any CPU
		{CE249DFA-8341-419D-A888-D5C254A0DC9B}.Debug|Any CPU.Build.0 = Debug|Any CPU
		{CE249DFA-8341-419D-A888-D5C254A0DC9B}.Release|Any CPU.ActiveCfg = Release|Any CPU
		{CE249DFA-8341-419D-A888-D5C254A0DC9B}.Release|Any CPU.Build.0 = Release|Any CPU
	EndGlobalSection
	GlobalSection(SolutionProperties) = preSolution
		HideSolutionNode = FALSE
	EndGlobalSection
	GlobalSection(ExtensibilityGlobals) = postSolution
		SolutionGuid = {304D2B6E-B7BD-437F-A697-BD687C2ED89B}
	EndGlobalSection
EndGlobal
